
Microsoft Visual Studio Solution File, Format Version 12.00
# Visual Studio Version 16
VisualStudioVersion = 16.0.31702.278
MinimumVisualStudioVersion = 10.0.40219.1
Project("{FAE04EC0-301F-11D3-BF4B-00C04F79EFBC}") = "SWE Final Project", "SWE Final Project\SWE Final Project.csproj", "{3FFC80BB-4CD5-4774-B2B4-831B0B63E457}"
EndProject
Global
	GlobalSection(SolutionConfigurationPlatforms) = preSolution
		Debug|Any CPU = Debug|Any CPU
		Release|Any CPU = Release|Any CPU
	EndGlobalSection
	GlobalSection(ProjectConfigurationPlatforms) = postSolution
		{3FFC80BB-4CD5-4774-B2B4-831B0B63E457}.Debug|Any CPU.ActiveCfg = Debug|Any CPU
		{3FFC80BB-4CD5-4774-B2B4-831B0B63E457}.Debug|Any CPU.Build.0 = Debug|Any CPU
		{3FFC80BB-4CD5-4774-B2B4-831B0B63E457}.Release|Any CPU.ActiveCfg = Release|Any CPU
		{3FFC80BB-4CD5-4774-B2B4-831B0B63E457}.Release|Any CPU.Build.0 = Release|Any CPU
	EndGlobalSection
	GlobalSection(SolutionProperties) = preSolution
		HideSolutionNode = FALSE
	EndGlobalSection
	GlobalSection(ExtensibilityGlobals) = postSolution
		SolutionGuid = {64DCB8C7-E253-4FDC-AAC7-49ADA40C356C}
	EndGlobalSection
EndGlobal
